
Microsoft Visual Studio Solution File, Format Version 12.00
# Visual Studio 14
VisualStudioVersion = 14.0.25420.1
MinimumVisualStudioVersion = 10.0.40219.1
Project("{FAE04EC0-301F-11D3-BF4B-00C04F79EFBC}") = "ContactApplication", "ContactApplication\ContactApplication.csproj", "{A378F066-C349-4E66-A6B9-0C7D33AEF150}"
EndProject
Project("{FAE04EC0-301F-11D3-BF4B-00C04F79EFBC}") = "ClassLibraryContactApp", "ClassLibraryContactApp\ClassLibraryContactApp.csproj", "{DB2F9EA6-5D38-41FA-892D-7E6F7ABA781D}"
EndProject
Project("{FAE04EC0-301F-11D3-BF4B-00C04F79EFBC}") = "ContactAppTest", "ContactAppTest\ContactAppTest.csproj", "{4F812F10-9974-4C20-9CC7-202CCC47FA8B}"
EndProject
Global
	GlobalSection(SolutionConfigurationPlatforms) = preSolution
		Debug|Any CPU = Debug|Any CPU
		Release|Any CPU = Release|Any CPU
	EndGlobalSection
	GlobalSection(ProjectConfigurationPlatforms) = postSolution
		{A378F066-C349-4E66-A6B9-0C7D33AEF150}.Debug|Any CPU.ActiveCfg = Debug|Any CPU
		{A378F066-C349-4E66-A6B9-0C7D33AEF150}.Debug|Any CPU.Build.0 = Debug|Any CPU
		{A378F066-C349-4E66-A6B9-0C7D33AEF150}.Release|Any CPU.ActiveCfg = Release|Any CPU
		{A378F066-C349-4E66-A6B9-0C7D33AEF150}.Release|Any CPU.Build.0 = Release|Any CPU
		{DB2F9EA6-5D38-41FA-892D-7E6F7ABA781D}.Debug|Any CPU.ActiveCfg = Debug|Any CPU
		{DB2F9EA6-5D38-41FA-892D-7E6F7ABA781D}.Debug|Any CPU.Build.0 = Debug|Any CPU
		{DB2F9EA6-5D38-41FA-892D-7E6F7ABA781D}.Release|Any CPU.ActiveCfg = Release|Any CPU
		{DB2F9EA6-5D38-41FA-892D-7E6F7ABA781D}.Release|Any CPU.Build.0 = Release|Any CPU
		{4F812F10-9974-4C20-9CC7-202CCC47FA8B}.Debug|Any CPU.ActiveCfg = Debug|Any CPU
		{4F812F10-9974-4C20-9CC7-202CCC47FA8B}.Debug|Any CPU.Build.0 = Debug|Any CPU
		{4F812F10-9974-4C20-9CC7-202CCC47FA8B}.Release|Any CPU.ActiveCfg = Release|Any CPU
		{4F812F10-9974-4C20-9CC7-202CCC47FA8B}.Release|Any CPU.Build.0 = Release|Any CPU
	EndGlobalSection
	GlobalSection(SolutionProperties) = preSolution
		HideSolutionNode = FALSE
	EndGlobalSection
EndGlobal
